
Microsoft Visual Studio Solution File, Format Version 12.00
# Visual Studio Version 16
VisualStudioVersion = 16.0.30309.148
MinimumVisualStudioVersion = 10.0.40219.1
Project("{FAE04EC0-301F-11D3-BF4B-00C04F79EFBC}") = "LearningBlazor", "LearningBlazor\LearningBlazor.csproj", "{56AE21D5-F98C-477C-A850-B1630150A825}"
EndProject
Project("{FAE04EC0-301F-11D3-BF4B-00C04F79EFBC}") = "LearningBlazorServer", "LearningBlazorServer\LearningBlazorServer.csproj", "{18ED08BC-E4F8-41A4-8B23-C72655038885}"
EndProject
Global
	GlobalSection(SolutionConfigurationPlatforms) = preSolution
		Debug|Any CPU = Debug|Any CPU
		Release|Any CPU = Release|Any CPU
	EndGlobalSection
	GlobalSection(ProjectConfigurationPlatforms) = postSolution
		{56AE21D5-F98C-477C-A850-B1630150A825}.Debug|Any CPU.ActiveCfg = Debug|Any CPU
		{56AE21D5-F98C-477C-A850-B1630150A825}.Debug|Any CPU.Build.0 = Debug|Any CPU
		{56AE21D5-F98C-477C-A850-B1630150A825}.Release|Any CPU.ActiveCfg = Release|Any CPU
		{56AE21D5-F98C-477C-A850-B1630150A825}.Release|Any CPU.Build.0 = Release|Any CPU
		{18ED08BC-E4F8-41A4-8B23-C72655038885}.Debug|Any CPU.ActiveCfg = Debug|Any CPU
		{18ED08BC-E4F8-41A4-8B23-C72655038885}.Debug|Any CPU.Build.0 = Debug|Any CPU
		{18ED08BC-E4F8-41A4-8B23-C72655038885}.Release|Any CPU.ActiveCfg = Release|Any CPU
		{18ED08BC-E4F8-41A4-8B23-C72655038885}.Release|Any CPU.Build.0 = Release|Any CPU
	EndGlobalSection
	GlobalSection(SolutionProperties) = preSolution
		HideSolutionNode = FALSE
	EndGlobalSection
	GlobalSection(ExtensibilityGlobals) = postSolution
		SolutionGuid = {0F0E40F2-82F2-4D3F-A3D1-02DC8BC5A155}
	EndGlobalSection
EndGlobal
